
Microsoft Visual Studio Solution File, Format Version 12.00
# Visual Studio Version 16
VisualStudioVersion = 16.0.30011.22
MinimumVisualStudioVersion = 10.0.40219.1
Project("{9092AA53-FB77-4645-B42D-1CCCA6BD08BD}") = "OG.VUE.UI", "OG.VUE.UI\OG.VUE.UI.njsproj", "{2EAEE079-446C-46AE-8E0C-C8B210F8C638}"
EndProject
Project("{FAE04EC0-301F-11D3-BF4B-00C04F79EFBC}") = "OG.VUE.API", "OG.VUE.API\OG.VUE.API.csproj", "{F59C375C-20F7-41BD-9265-37ABABA01735}"
EndProject
Global
	GlobalSection(SolutionConfigurationPlatforms) = preSolution
		Debug|Any CPU = Debug|Any CPU
		Release|Any CPU = Release|Any CPU
	EndGlobalSection
	GlobalSection(ProjectConfigurationPlatforms) = postSolution
		{2EAEE079-446C-46AE-8E0C-C8B210F8C638}.Debug|Any CPU.ActiveCfg = Debug|Any CPU
		{2EAEE079-446C-46AE-8E0C-C8B210F8C638}.Debug|Any CPU.Build.0 = Debug|Any CPU
		{2EAEE079-446C-46AE-8E0C-C8B210F8C638}.Release|Any CPU.ActiveCfg = Release|Any CPU
		{2EAEE079-446C-46AE-8E0C-C8B210F8C638}.Release|Any CPU.Build.0 = Release|Any CPU
		{F59C375C-20F7-41BD-9265-37ABABA01735}.Debug|Any CPU.ActiveCfg = Debug|Any CPU
		{F59C375C-20F7-41BD-9265-37ABABA01735}.Debug|Any CPU.Build.0 = Debug|Any CPU
		{F59C375C-20F7-41BD-9265-37ABABA01735}.Release|Any CPU.ActiveCfg = Release|Any CPU
		{F59C375C-20F7-41BD-9265-37ABABA01735}.Release|Any CPU.Build.0 = Release|Any CPU
	EndGlobalSection
	GlobalSection(SolutionProperties) = preSolution
		HideSolutionNode = FALSE
	EndGlobalSection
	GlobalSection(ExtensibilityGlobals) = postSolution
		SolutionGuid = {39D8FA7B-4ED7-4E79-8711-1E4E652A7843}
	EndGlobalSection
EndGlobal
